{
  "originHash" : "a3bcaa15a454fa7370ad47de0b4a365f92876b40d5fa0a3e490eb29c4688cd7b",
  "pins" : [
    {
      "identity" : "purchases-ios-spm",
      "kind" : "remoteSourceControl",
      "location" : "https://github.com/RevenueCat/purchases-ios-spm",
      "state" : {
        "branch" : "450e438e55f8fb7e2aa86e856fd8d16d59ebd12f",
        "revision" : "4b28e6817c746be6bb710f2bcc0a7e8d9f9e3afa"
      }
    }
  ],
  "version" : 3
}
